
Microsoft Visual Studio Solution File, Format Version 12.00
# Visual Studio Version 16
VisualStudioVersion = 16.0.29403.142
MinimumVisualStudioVersion = 10.0.40219.1
Project("{8BC9CEB8-8B4A-11D0-8D11-00A0C91BC942}") = "test1", "test1\test1.vcxproj", "{AD74BD91-8FDB-47DC-A211-A5622CA7824E}"
EndProject
Global
	GlobalSection(SolutionConfigurationPlatforms) = preSolution
		Debug|x64 = Debug|x64
		Debug|x86 = Debug|x86
		Release|x64 = Release|x64
		Release|x86 = Release|x86
	EndGlobalSection
	GlobalSection(ProjectConfigurationPlatforms) = postSolution
		{AD74BD91-8FDB-47DC-A211-A5622CA7824E}.Debug|x64.ActiveCfg = Debug|x64
		{AD74BD91-8FDB-47DC-A211-A5622CA7824E}.Debug|x64.Build.0 = Debug|x64
		{AD74BD91-8FDB-47DC-A211-A5622CA7824E}.Debug|x86.ActiveCfg = Debug|Win32
		{AD74BD91-8FDB-47DC-A211-A5622CA7824E}.Debug|x86.Build.0 = Debug|Win32
		{AD74BD91-8FDB-47DC-A211-A5622CA7824E}.Release|x64.ActiveCfg = Release|x64
		{AD74BD91-8FDB-47DC-A211-A5622CA7824E}.Release|x64.Build.0 = Release|x64
		{AD74BD91-8FDB-47DC-A211-A5622CA7824E}.Release|x86.ActiveCfg = Release|Win32
		{AD74BD91-8FDB-47DC-A211-A5622CA7824E}.Release|x86.Build.0 = Release|Win32
	EndGlobalSection
	GlobalSection(SolutionProperties) = preSolution
		HideSolutionNode = FALSE
	EndGlobalSection
	GlobalSection(ExtensibilityGlobals) = postSolution
		SolutionGuid = {B949479E-0F76-4F59-9F6E-2C79E43EF116}
	EndGlobalSection
EndGlobal
